// !$*UTF8*$!
{
	archiveVersion = 1;
	classes = {
	};
	objectVersion = 56;
	objects = {

/* Begin PBXBuildFile section */
		AD736E3F2C05BCFF00793F09 /* TCATestSampleApp.swift in Sources */ = {isa = PBXBuildFile; fileRef = AD736E3E2C05BCFF00793F09 /* TCATestSampleApp.swift */; };
		AD736E432C05BD0200793F09 /* Assets.xcassets in Resources */ = {isa = PBXBuildFile; fileRef = AD736E422C05BD0200793F09 /* Assets.xcassets */; };
		AD736E462C05BD0200793F09 /* Preview Assets.xcassets in Resources */ = {isa = PBXBuildFile; fileRef = AD736E452C05BD0200793F09 /* Preview Assets.xcassets */; };
		AD736E4E2C05BE5400793F09 /* ComposableArchitecture in Frameworks */ = {isa = PBXBuildFile; productRef = AD736E4D2C05BE5400793F09 /* ComposableArchitecture */; };
		AD736E562C05C08200793F09 /* CounterFeature.swift in Sources */ = {isa = PBXBuildFile; fileRef = AD736E552C05C08200793F09 /* CounterFeature.swift */; };
		AD736E612C06BCD200793F09 /* TCATestSampleTests.swift in Sources */ = {isa = PBXBuildFile; fileRef = AD736E602C06BCD200793F09 /* TCATestSampleTests.swift */; };
		AD736E682C06BCE300793F09 /* CounterFeatureTests.swift in Sources */ = {isa = PBXBuildFile; fileRef = AD736E672C06BCE300793F09 /* CounterFeatureTests.swift */; };
		AD736E6A2C06E61200793F09 /* NumberFactClient.swift in Sources */ = {isa = PBXBuildFile; fileRef = AD736E692C06E61200793F09 /* NumberFactClient.swift */; };
		AD736E6C2C06EB0900793F09 /* AppFeature.swift in Sources */ = {isa = PBXBuildFile; fileRef = AD736E6B2C06EB0900793F09 /* AppFeature.swift */; };
		AD736E6E2C06F5DE00793F09 /* AppFeatureTests.swift in Sources */ = {isa = PBXBuildFile; fileRef = AD736E6D2C06F5DE00793F09 /* AppFeatureTests.swift */; };
		AD736E732C06FAA400793F09 /* ContactsFeature.swift in Sources */ = {isa = PBXBuildFile; fileRef = AD736E722C06FAA400793F09 /* ContactsFeature.swift */; };
		AD736E772C06FCEC00793F09 /* AddContactFeature.swift in Sources */ = {isa = PBXBuildFile; fileRef = AD736E762C06FCEC00793F09 /* AddContactFeature.swift */; };
		AD736E7A2C07218F00793F09 /* ContactsFeatureTests.swift in Sources */ = {isa = PBXBuildFile; fileRef = AD736E792C07218F00793F09 /* ContactsFeatureTests.swift */; };
/* End PBXBuildFile section */

/* Begin PBXContainerItemProxy section */
		AD736E622C06BCD200793F09 /* PBXContainerItemProxy */ = {
			isa = PBXContainerItemProxy;
			containerPortal = AD736E332C05BCFF00793F09 /* Project object */;
			proxyType = 1;
			remoteGlobalIDString = AD736E3A2C05BCFF00793F09;
			remoteInfo = TCATestSample;
		};
/* End PBXContainerItemProxy section */

/* Begin PBXFileReference section */
		AD736E3B2C05BCFF00793F09 /* TCATestSample.app */ = {isa = PBXFileReference; explicitFileType = wrapper.application; includeInIndex = 0; path = TCATestSample.app; sourceTree = BUILT_PRODUCTS_DIR; };
		AD736E3E2C05BCFF00793F09 /* TCATestSampleApp.swift */ = {isa = PBXFileReference; lastKnownFileType = sourcecode.swift; path = TCATestSampleApp.swift; sourceTree = "<group>"; };
		AD736E422C05BD0200793F09 /* Assets.xcassets */ = {isa = PBXFileReference; lastKnownFileType = folder.assetcatalog; path = Assets.xcassets; sourceTree = "<group>"; };
		AD736E452C05BD0200793F09 /* Preview Assets.xcassets */ = {isa = PBXFileReference; lastKnownFileType = folder.assetcatalog; path = "Preview Assets.xcassets"; sourceTree = "<group>"; };
		AD736E552C05C08200793F09 /* CounterFeature.swift */ = {isa = PBXFileReference; lastKnownFileType = sourcecode.swift; path = CounterFeature.swift; sourceTree = "<group>"; };
		AD736E572C05D27100793F09 /* Info.plist */ = {isa = PBXFileReference; lastKnownFileType = text.plist; path = Info.plist; sourceTree = "<group>"; };
		AD736E5E2C06BCD100793F09 /* TCATestSampleTests.xctest */ = {isa = PBXFileReference; explicitFileType = wrapper.cfbundle; includeInIndex = 0; path = TCATestSampleTests.xctest; sourceTree = BUILT_PRODUCTS_DIR; };
		AD736E602C06BCD200793F09 /* TCATestSampleTests.swift */ = {isa = PBXFileReference; lastKnownFileType = sourcecode.swift; path = TCATestSampleTests.swift; sourceTree = "<group>"; };
		AD736E672C06BCE300793F09 /* CounterFeatureTests.swift */ = {isa = PBXFileReference; lastKnownFileType = sourcecode.swift; path = CounterFeatureTests.swift; sourceTree = "<group>"; };
		AD736E692C06E61200793F09 /* NumberFactClient.swift */ = {isa = PBXFileReference; lastKnownFileType = sourcecode.swift; path = NumberFactClient.swift; sourceTree = "<group>"; };
		AD736E6B2C06EB0900793F09 /* AppFeature.swift */ = {isa = PBXFileReference; lastKnownFileType = sourcecode.swift; path = AppFeature.swift; sourceTree = "<group>"; };
		AD736E6D2C06F5DE00793F09 /* AppFeatureTests.swift */ = {isa = PBXFileReference; lastKnownFileType = sourcecode.swift; path = AppFeatureTests.swift; sourceTree = "<group>"; };
		AD736E722C06FAA400793F09 /* ContactsFeature.swift */ = {isa = PBXFileReference; lastKnownFileType = sourcecode.swift; path = ContactsFeature.swift; sourceTree = "<group>"; };
		AD736E762C06FCEC00793F09 /* AddContactFeature.swift */ = {isa = PBXFileReference; lastKnownFileType = sourcecode.swift; path = AddContactFeature.swift; sourceTree = "<group>"; };
		AD736E792C07218F00793F09 /* ContactsFeatureTests.swift */ = {isa = PBXFileReference; lastKnownFileType = sourcecode.swift; path = ContactsFeatureTests.swift; sourceTree = "<group>"; };
/* End PBXFileReference section */

/* Begin PBXFrameworksBuildPhase section */
		AD736E382C05BCFF00793F09 /* Frameworks */ = {
			isa = PBXFrameworksBuildPhase;
			buildActionMask = 2147483647;
			files = (
				AD736E4E2C05BE5400793F09 /* ComposableArchitecture in Frameworks */,
			);
			runOnlyForDeploymentPostprocessing = 0;
		};
		AD736E5B2C06BCD100793F09 /* Frameworks */ = {
			isa = PBXFrameworksBuildPhase;
			buildActionMask = 2147483647;
			files = (
			);
			runOnlyForDeploymentPostprocessing = 0;
		};
/* End PBXFrameworksBuildPhase section */

/* Begin PBXGroup section */
		AD736E322C05BCFF00793F09 = {
			isa = PBXGroup;
			children = (
				AD736E3D2C05BCFF00793F09 /* TCATestSample */,
				AD736E5F2C06BCD200793F09 /* TCATestSampleTests */,
				AD736E3C2C05BCFF00793F09 /* Products */,
			);
			sourceTree = "<group>";
		};
		AD736E3C2C05BCFF00793F09 /* Products */ = {
			isa = PBXGroup;
			children = (
				AD736E3B2C05BCFF00793F09 /* TCATestSample.app */,
				AD736E5E2C06BCD100793F09 /* TCATestSampleTests.xctest */,
			);
			name = Products;
			sourceTree = "<group>";
		};
		AD736E3D2C05BCFF00793F09 /* TCATestSample */ = {
			isa = PBXGroup;
			children = (
				AD736E572C05D27100793F09 /* Info.plist */,
				AD736E3E2C05BCFF00793F09 /* TCATestSampleApp.swift */,
				AD736E422C05BD0200793F09 /* Assets.xcassets */,
				AD736E442C05BD0200793F09 /* Preview Content */,
				AD736E712C06FA9400793F09 /* Counter */,
				AD736E742C06FAA700793F09 /* Contacts */,
			);
			path = TCATestSample;
			sourceTree = "<group>";
		};
		AD736E442C05BD0200793F09 /* Preview Content */ = {
			isa = PBXGroup;
			children = (
				AD736E452C05BD0200793F09 /* Preview Assets.xcassets */,
			);
			path = "Preview Content";
			sourceTree = "<group>";
		};
		AD736E5F2C06BCD200793F09 /* TCATestSampleTests */ = {
			isa = PBXGroup;
			children = (
				AD736E602C06BCD200793F09 /* TCATestSampleTests.swift */,
				AD736E782C07217F00793F09 /* Counter */,
				AD736E792C07218F00793F09 /* ContactsFeatureTests.swift */,
			);
			path = TCATestSampleTests;
			sourceTree = "<group>";
		};
		AD736E6F2C06FA7500793F09 /* Reducer */ = {
			isa = PBXGroup;
			children = (
				AD736E552C05C08200793F09 /* CounterFeature.swift */,
				AD736E6B2C06EB0900793F09 /* AppFeature.swift */,
			);
			path = Reducer;
			sourceTree = "<group>";
		};
		AD736E702C06FA8000793F09 /* Dependency */ = {
			isa = PBXGroup;
			children = (
				AD736E692C06E61200793F09 /* NumberFactClient.swift */,
			);
			path = Dependency;
			sourceTree = "<group>";
		};
		AD736E712C06FA9400793F09 /* Counter */ = {
			isa = PBXGroup;
			children = (
				AD736E6F2C06FA7500793F09 /* Reducer */,
				AD736E702C06FA8000793F09 /* Dependency */,
			);
			path = Counter;
			sourceTree = "<group>";
		};
		AD736E742C06FAA700793F09 /* Contacts */ = {
			isa = PBXGroup;
			children = (
				AD736E752C06FAAF00793F09 /* Reducer */,
			);
			path = Contacts;
			sourceTree = "<group>";
		};
		AD736E752C06FAAF00793F09 /* Reducer */ = {
			isa = PBXGroup;
			children = (
				AD736E722C06FAA400793F09 /* ContactsFeature.swift */,
				AD736E762C06FCEC00793F09 /* AddContactFeature.swift */,
			);
			path = Reducer;
			sourceTree = "<group>";
		};
		AD736E782C07217F00793F09 /* Counter */ = {
			isa = PBXGroup;
			children = (
				AD736E672C06BCE300793F09 /* CounterFeatureTests.swift */,
				AD736E6D2C06F5DE00793F09 /* AppFeatureTests.swift */,
			);
			path = Counter;
			sourceTree = "<group>";
		};
/* End PBXGroup section */

/* Begin PBXNativeTarget section */
		AD736E3A2C05BCFF00793F09 /* TCATestSample */ = {
			isa = PBXNativeTarget;
			buildConfigurationList = AD736E492C05BD0200793F09 /* Build configuration list for PBXNativeTarget "TCATestSample" */;
			buildPhases = (
				AD736E372C05BCFF00793F09 /* Sources */,
				AD736E382C05BCFF00793F09 /* Frameworks */,
				AD736E392C05BCFF00793F09 /* Resources */,
			);
			buildRules = (
			);
			dependencies = (
			);
			name = TCATestSample;
			packageProductDependencies = (
				AD736E4D2C05BE5400793F09 /* ComposableArchitecture */,
			);
			productName = TCATestSample;
			productReference = AD736E3B2C05BCFF00793F09 /* TCATestSample.app */;
			productType = "com.apple.product-type.application";
		};
		AD736E5D2C06BCD100793F09 /* TCATestSampleTests */ = {
			isa = PBXNativeTarget;
			buildConfigurationList = AD736E642C06BCD200793F09 /* Build configuration list for PBXNativeTarget "TCATestSampleTests" */;
			buildPhases = (
				AD736E5A2C06BCD100793F09 /* Sources */,
				AD736E5B2C06BCD100793F09 /* Frameworks */,
				AD736E5C2C06BCD100793F09 /* Resources */,
			);
			buildRules = (
			);
			dependencies = (
				AD736E632C06BCD200793F09 /* PBXTargetDependency */,
			);
			name = TCATestSampleTests;
			productName = TCATestSampleTests;
			productReference = AD736E5E2C06BCD100793F09 /* TCATestSampleTests.xctest */;
			productType = "com.apple.product-type.bundle.unit-test";
		};
/* End PBXNativeTarget section */

/* Begin PBXProject section */
		AD736E332C05BCFF00793F09 /* Project object */ = {
			isa = PBXProject;
			attributes = {
				BuildIndependentTargetsInParallel = 1;
				LastSwiftUpdateCheck = 1520;
				LastUpgradeCheck = 1520;
				TargetAttributes = {
					AD736E3A2C05BCFF00793F09 = {
						CreatedOnToolsVersion = 15.2;
					};
					AD736E5D2C06BCD100793F09 = {
						CreatedOnToolsVersion = 15.2;
						TestTargetID = AD736E3A2C05BCFF00793F09;
					};
				};
			};
			buildConfigurationList = AD736E362C05BCFF00793F09 /* Build configuration list for PBXProject "TCATestSample" */;
			compatibilityVersion = "Xcode 14.0";
			developmentRegion = en;
			hasScannedForEncodings = 0;
			knownRegions = (
				en,
				Base,
			);
			mainGroup = AD736E322C05BCFF00793F09;
			packageReferences = (
				AD736E4C2C05BE5400793F09 /* XCRemoteSwiftPackageReference "swift-composable-architecture" */,
			);
			productRefGroup = AD736E3C2C05BCFF00793F09 /* Products */;
			projectDirPath = "";
			projectRoot = "";
			targets = (
				AD736E3A2C05BCFF00793F09 /* TCATestSample */,
				AD736E5D2C06BCD100793F09 /* TCATestSampleTests */,
			);
		};
/* End PBXProject section */

/* Begin PBXResourcesBuildPhase section */
		AD736E392C05BCFF00793F09 /* Resources */ = {
			isa = PBXResourcesBuildPhase;
			buildActionMask = 2147483647;
			files = (
				AD736E462C05BD0200793F09 /* Preview Assets.xcassets in Resources */,
				AD736E432C05BD0200793F09 /* Assets.xcassets in Resources */,
			);
			runOnlyForDeploymentPostprocessing = 0;
		};
		AD736E5C2C06BCD100793F09 /* Resources */ = {
			isa = PBXResourcesBuildPhase;
			buildActionMask = 2147483647;
			files = (
			);
			runOnlyForDeploymentPostprocessing = 0;
		};
/* End PBXResourcesBuildPhase section */

/* Begin PBXSourcesBuildPhase section */
		AD736E372C05BCFF00793F09 /* Sources */ = {
			isa = PBXSourcesBuildPhase;
			buildActionMask = 2147483647;
			files = (
				AD736E6C2C06EB0900793F09 /* AppFeature.swift in Sources */,
				AD736E772C06FCEC00793F09 /* AddContactFeature.swift in Sources */,
				AD736E6A2C06E61200793F09 /* NumberFactClient.swift in Sources */,
				AD736E562C05C08200793F09 /* CounterFeature.swift in Sources */,
				AD736E3F2C05BCFF00793F09 /* TCATestSampleApp.swift in Sources */,
				AD736E732C06FAA400793F09 /* ContactsFeature.swift in Sources */,
			);
			runOnlyForDeploymentPostprocessing = 0;
		};
		AD736E5A2C06BCD100793F09 /* Sources */ = {
			isa = PBXSourcesBuildPhase;
			buildActionMask = 2147483647;
			files = (
				AD736E612C06BCD200793F09 /* TCATestSampleTests.swift in Sources */,
				AD736E682C06BCE300793F09 /* CounterFeatureTests.swift in Sources */,
				AD736E6E2C06F5DE00793F09 /* AppFeatureTests.swift in Sources */,
				AD736E7A2C07218F00793F09 /* ContactsFeatureTests.swift in Sources */,
			);
			runOnlyForDeploymentPostprocessing = 0;
		};
/* End PBXSourcesBuildPhase section */

/* Begin PBXTargetDependency section */
		AD736E632C06BCD200793F09 /* PBXTargetDependency */ = {
			isa = PBXTargetDependency;
			target = AD736E3A2C05BCFF00793F09 /* TCATestSample */;
			targetProxy = AD736E622C06BCD200793F09 /* PBXContainerItemProxy */;
		};
/* End PBXTargetDependency section */

/* Begin XCBuildConfiguration section */
		AD736E472C05BD0200793F09 /* Debug */ = {
			isa = XCBuildConfiguration;
			buildSettings = {
				ALWAYS_SEARCH_USER_PATHS = NO;
				ASSETCATALOG_COMPILER_GENERATE_SWIFT_ASSET_SYMBOL_EXTENSIONS = YES;
				CLANG_ANALYZER_NONNULL = YES;
				CLANG_ANALYZER_NUMBER_OBJECT_CONVERSION = YES_AGGRESSIVE;
				CLANG_CXX_LANGUAGE_STANDARD = "gnu++20";
				CLANG_ENABLE_MODULES = YES;
				CLANG_ENABLE_OBJC_ARC = YES;
				CLANG_ENABLE_OBJC_WEAK = YES;
				CLANG_WARN_BLOCK_CAPTURE_AUTORELEASING = YES;
				CLANG_WARN_BOOL_CONVERSION = YES;
				CLANG_WARN_COMMA = YES;
				CLANG_WARN_CONSTANT_CONVERSION = YES;
				CLANG_WARN_DEPRECATED_OBJC_IMPLEMENTATIONS = YES;
				CLANG_WARN_DIRECT_OBJC_ISA_USAGE = YES_ERROR;
				CLANG_WARN_DOCUMENTATION_COMMENTS = YES;
				CLANG_WARN_EMPTY_BODY = YES;
				CLANG_WARN_ENUM_CONVERSION = YES;
				CLANG_WARN_INFINITE_RECURSION = YES;
				CLANG_WARN_INT_CONVERSION = YES;
				CLANG_WARN_NON_LITERAL_NULL_CONVERSION = YES;
				CLANG_WARN_OBJC_IMPLICIT_RETAIN_SELF = YES;
				CLANG_WARN_OBJC_LITERAL_CONVERSION = YES;
				CLANG_WARN_OBJC_ROOT_CLASS = YES_ERROR;
				CLANG_WARN_QUOTED_INCLUDE_IN_FRAMEWORK_HEADER = YES;
				CLANG_WARN_RANGE_LOOP_ANALYSIS = YES;
				CLANG_WARN_STRICT_PROTOTYPES = YES;
				CLANG_WARN_SUSPICIOUS_MOVE = YES;
				CLANG_WARN_UNGUARDED_AVAILABILITY = YES_AGGRESSIVE;
				CLANG_WARN_UNREACHABLE_CODE = YES;
				CLANG_WARN__DUPLICATE_METHOD_MATCH = YES;
				COPY_PHASE_STRIP = NO;
				DEBUG_INFORMATION_FORMAT = dwarf;
				ENABLE_STRICT_OBJC_MSGSEND = YES;
				ENABLE_TESTABILITY = YES;
				ENABLE_USER_SCRIPT_SANDBOXING = YES;
				GCC_C_LANGUAGE_STANDARD = gnu17;
				GCC_DYNAMIC_NO_PIC = NO;
				GCC_NO_COMMON_BLOCKS = YES;
				GCC_OPTIMIZATION_LEVEL = 0;
				GCC_PREPROCESSOR_DEFINITIONS = (
					"DEBUG=1",
					"$(inherited)",
				);
				GCC_WARN_64_TO_32_BIT_CONVERSION = YES;
				GCC_WARN_ABOUT_RETURN_TYPE = YES_ERROR;
				GCC_WARN_UNDECLARED_SELECTOR = YES;
				GCC_WARN_UNINITIALIZED_AUTOS = YES_AGGRESSIVE;
				GCC_WARN_UNUSED_FUNCTION = YES;
				GCC_WARN_UNUSED_VARIABLE = YES;
				IPHONEOS_DEPLOYMENT_TARGET = 17.2;
				LOCALIZATION_PREFERS_STRING_CATALOGS = YES;
				MTL_ENABLE_DEBUG_INFO = INCLUDE_SOURCE;
				MTL_FAST_MATH = YES;
				ONLY_ACTIVE_ARCH = YES;
				SDKROOT = iphoneos;
				SWIFT_ACTIVE_COMPILATION_CONDITIONS = "DEBUG $(inherited)";
				SWIFT_OPTIMIZATION_LEVEL = "-Onone";
			};
			name = Debug;
		};
		AD736E482C05BD0200793F09 /* Release */ = {
			isa = XCBuildConfiguration;
			buildSettings = {
				ALWAYS_SEARCH_USER_PATHS = NO;
				ASSETCATALOG_COMPILER_GENERATE_SWIFT_ASSET_SYMBOL_EXTENSIONS = YES;
				CLANG_ANALYZER_NONNULL = YES;
				CLANG_ANALYZER_NUMBER_OBJECT_CONVERSION = YES_AGGRESSIVE;
				CLANG_CXX_LANGUAGE_STANDARD = "gnu++20";
				CLANG_ENABLE_MODULES = YES;
				CLANG_ENABLE_OBJC_ARC = YES;
				CLANG_ENABLE_OBJC_WEAK = YES;
				CLANG_WARN_BLOCK_CAPTURE_AUTORELEASING = YES;
				CLANG_WARN_BOOL_CONVERSION = YES;
				CLANG_WARN_COMMA = YES;
				CLANG_WARN_CONSTANT_CONVERSION = YES;
				CLANG_WARN_DEPRECATED_OBJC_IMPLEMENTATIONS = YES;
				CLANG_WARN_DIRECT_OBJC_ISA_USAGE = YES_ERROR;
				CLANG_WARN_DOCUMENTATION_COMMENTS = YES;
				CLANG_WARN_EMPTY_BODY = YES;
				CLANG_WARN_ENUM_CONVERSION = YES;
				CLANG_WARN_INFINITE_RECURSION = YES;
				CLANG_WARN_INT_CONVERSION = YES;
				CLANG_WARN_NON_LITERAL_NULL_CONVERSION = YES;
				CLANG_WARN_OBJC_IMPLICIT_RETAIN_SELF = YES;
				CLANG_WARN_OBJC_LITERAL_CONVERSION = YES;
				CLANG_WARN_OBJC_ROOT_CLASS = YES_ERROR;
				CLANG_WARN_QUOTED_INCLUDE_IN_FRAMEWORK_HEADER = YES;
				CLANG_WARN_RANGE_LOOP_ANALYSIS = YES;
				CLANG_WARN_STRICT_PROTOTYPES = YES;
				CLANG_WARN_SUSPICIOUS_MOVE = YES;
				CLANG_WARN_UNGUARDED_AVAILABILITY = YES_AGGRESSIVE;
				CLANG_WARN_UNREACHABLE_CODE = YES;
				CLANG_WARN__DUPLICATE_METHOD_MATCH = YES;
				COPY_PHASE_STRIP = NO;
				DEBUG_INFORMATION_FORMAT = "dwarf-with-dsym";
				ENABLE_NS_ASSERTIONS = NO;
				ENABLE_STRICT_OBJC_MSGSEND = YES;
				ENABLE_USER_SCRIPT_SANDBOXING = YES;
				GCC_C_LANGUAGE_STANDARD = gnu17;
				GCC_NO_COMMON_BLOCKS = YES;
				GCC_WARN_64_TO_32_BIT_CONVERSION = YES;
				GCC_WARN_ABOUT_RETURN_TYPE = YES_ERROR;
				GCC_WARN_UNDECLARED_SELECTOR = YES;
				GCC_WARN_UNINITIALIZED_AUTOS = YES_AGGRESSIVE;
				GCC_WARN_UNUSED_FUNCTION = YES;
				GCC_WARN_UNUSED_VARIABLE = YES;
				IPHONEOS_DEPLOYMENT_TARGET = 17.2;
				LOCALIZATION_PREFERS_STRING_CATALOGS = YES;
				MTL_ENABLE_DEBUG_INFO = NO;
				MTL_FAST_MATH = YES;
				SDKROOT = iphoneos;
				SWIFT_COMPILATION_MODE = wholemodule;
				VALIDATE_PRODUCT = YES;
			};
			name = Release;
		};
		AD736E4A2C05BD0200793F09 /* Debug */ = {
			isa = XCBuildConfiguration;
			buildSettings = {
				ASSETCATALOG_COMPILER_APPICON_NAME = AppIcon;
				ASSETCATALOG_COMPILER_GLOBAL_ACCENT_COLOR_NAME = AccentColor;
				CODE_SIGN_STYLE = Automatic;
				CURRENT_PROJECT_VERSION = 1;
				DEVELOPMENT_ASSET_PATHS = "\"TCATestSample/Preview Content\"";
				DEVELOPMENT_TEAM = HDFLLXK789;
				ENABLE_PREVIEWS = YES;
				GENERATE_INFOPLIST_FILE = YES;
				INFOPLIST_FILE = TCATestSample/Info.plist;
				INFOPLIST_KEY_UIApplicationSceneManifest_Generation = YES;
				INFOPLIST_KEY_UIApplicationSupportsIndirectInputEvents = YES;
				INFOPLIST_KEY_UILaunchScreen_Generation = YES;
				INFOPLIST_KEY_UISupportedInterfaceOrientations_iPad = "UIInterfaceOrientationPortrait UIInterfaceOrientationPortraitUpsideDown UIInterfaceOrientationLandscapeLeft UIInterfaceOrientationLandscapeRight";
				INFOPLIST_KEY_UISupportedInterfaceOrientations_iPhone = "UIInterfaceOrientationPortrait UIInterfaceOrientationLandscapeLeft UIInterfaceOrientationLandscapeRight";
				LD_RUNPATH_SEARCH_PATHS = (
					"$(inherited)",
					"@executable_path/Frameworks",
				);
				MARKETING_VERSION = 1.0;
				PRODUCT_BUNDLE_IDENTIFIER = com.ycompany.TCATestSample;
				PRODUCT_NAME = "$(TARGET_NAME)";
				SWIFT_EMIT_LOC_STRINGS = YES;
				SWIFT_VERSION = 5.0;
				TARGETED_DEVICE_FAMILY = "1,2";
			};
			name = Debug;
		};
		AD736E4B2C05BD0200793F09 /* Release */ = {
			isa = XCBuildConfiguration;
			buildSettings = {
				ASSETCATALOG_COMPILER_APPICON_NAME = AppIcon;
				ASSETCATALOG_COMPILER_GLOBAL_ACCENT_COLOR_NAME = AccentColor;
				CODE_SIGN_STYLE = Automatic;
				CURRENT_PROJECT_VERSION = 1;
				DEVELOPMENT_ASSET_PATHS = "\"TCATestSample/Preview Content\"";
				DEVELOPMENT_TEAM = HDFLLXK789;
				ENABLE_PREVIEWS = YES;
				GENERATE_INFOPLIST_FILE = YES;
				INFOPLIST_FILE = TCATestSample/Info.plist;
				INFOPLIST_KEY_UIApplicationSceneManifest_Generation = YES;
				INFOPLIST_KEY_UIApplicationSupportsIndirectInputEvents = YES;
				INFOPLIST_KEY_UILaunchScreen_Generation = YES;
				INFOPLIST_KEY_UISupportedInterfaceOrientations_iPad = "UIInterfaceOrientationPortrait UIInterfaceOrientationPortraitUpsideDown UIInterfaceOrientationLandscapeLeft UIInterfaceOrientationLandscapeRight";
				INFOPLIST_KEY_UISupportedInterfaceOrientations_iPhone = "UIInterfaceOrientationPortrait UIInterfaceOrientationLandscapeLeft UIInterfaceOrientationLandscapeRight";
				LD_RUNPATH_SEARCH_PATHS = (
					"$(inherited)",
					"@executable_path/Frameworks",
				);
				MARKETING_VERSION = 1.0;
				PRODUCT_BUNDLE_IDENTIFIER = com.ycompany.TCATestSample;
				PRODUCT_NAME = "$(TARGET_NAME)";
				SWIFT_EMIT_LOC_STRINGS = YES;
				SWIFT_VERSION = 5.0;
				TARGETED_DEVICE_FAMILY = "1,2";
			};
			name = Release;
		};
		AD736E652C06BCD200793F09 /* Debug */ = {
			isa = XCBuildConfiguration;
			buildSettings = {
				BUNDLE_LOADER = "$(TEST_HOST)";
				CODE_SIGN_STYLE = Automatic;
				CURRENT_PROJECT_VERSION = 1;
				DEVELOPMENT_TEAM = HDFLLXK789;
				GENERATE_INFOPLIST_FILE = YES;
				MARKETING_VERSION = 1.0;
				PRODUCT_BUNDLE_IDENTIFIER = com.ycompany.TCATestSampleTests;
				PRODUCT_NAME = "$(TARGET_NAME)";
				SWIFT_EMIT_LOC_STRINGS = NO;
				SWIFT_VERSION = 5.0;
				TARGETED_DEVICE_FAMILY = "1,2";
				TEST_HOST = "$(BUILT_PRODUCTS_DIR)/TCATestSample.app/$(BUNDLE_EXECUTABLE_FOLDER_PATH)/TCATestSample";
			};
			name = Debug;
		};
		AD736E662C06BCD200793F09 /* Release */ = {
			isa = XCBuildConfiguration;
			buildSettings = {
				BUNDLE_LOADER = "$(TEST_HOST)";
				CODE_SIGN_STYLE = Automatic;
				CURRENT_PROJECT_VERSION = 1;
				DEVELOPMENT_TEAM = HDFLLXK789;
				GENERATE_INFOPLIST_FILE = YES;
				MARKETING_VERSION = 1.0;
				PRODUCT_BUNDLE_IDENTIFIER = com.ycompany.TCATestSampleTests;
				PRODUCT_NAME = "$(TARGET_NAME)";
				SWIFT_EMIT_LOC_STRINGS = NO;
				SWIFT_VERSION = 5.0;
				TARGETED_DEVICE_FAMILY = "1,2";
				TEST_HOST = "$(BUILT_PRODUCTS_DIR)/TCATestSample.app/$(BUNDLE_EXECUTABLE_FOLDER_PATH)/TCATestSample";
			};
			name = Release;
		};
/* End XCBuildConfiguration section */

/* Begin XCConfigurationList section */
		AD736E362C05BCFF00793F09 /* Build configuration list for PBXProject "TCATestSample" */ = {
			isa = XCConfigurationList;
			buildConfigurations = (
				AD736E472C05BD0200793F09 /* Debug */,
				AD736E482C05BD0200793F09 /* Release */,
			);
			defaultConfigurationIsVisible = 0;
			defaultConfigurationName = Release;
		};
		AD736E492C05BD0200793F09 /* Build configuration list for PBXNativeTarget "TCATestSample" */ = {
			isa = XCConfigurationList;
			buildConfigurations = (
				AD736E4A2C05BD0200793F09 /* Debug */,
				AD736E4B2C05BD0200793F09 /* Release */,
			);
			defaultConfigurationIsVisible = 0;
			defaultConfigurationName = Release;
		};
		AD736E642C06BCD200793F09 /* Build configuration list for PBXNativeTarget "TCATestSampleTests" */ = {
			isa = XCConfigurationList;
			buildConfigurations = (
				AD736E652C06BCD200793F09 /* Debug */,
				AD736E662C06BCD200793F09 /* Release */,
			);
			defaultConfigurationIsVisible = 0;
			defaultConfigurationName = Release;
		};
/* End XCConfigurationList section */

/* Begin XCRemoteSwiftPackageReference section */
		AD736E4C2C05BE5400793F09 /* XCRemoteSwiftPackageReference "swift-composable-architecture" */ = {
			isa = XCRemoteSwiftPackageReference;
			repositoryURL = "https://github.com/pointfreeco/swift-composable-architecture";
			requirement = {
				kind = upToNextMajorVersion;
				minimumVersion = 1.10.4;
			};
		};
/* End XCRemoteSwiftPackageReference section */

/* Begin XCSwiftPackageProductDependency section */
		AD736E4D2C05BE5400793F09 /* ComposableArchitecture */ = {
			isa = XCSwiftPackageProductDependency;
			package = AD736E4C2C05BE5400793F09 /* XCRemoteSwiftPackageReference "swift-composable-architecture" */;
			productName = ComposableArchitecture;
		};
/* End XCSwiftPackageProductDependency section */
	};
	rootObject = AD736E332C05BCFF00793F09 /* Project object */;
}
